// !$*UTF8*$!
{
	archiveVersion = 1;
	classes = {
	};
	objectVersion = 55;
	objects = {

/* Begin PBXBuildFile section */
		957EE5652849D1BF00024152 /* AppDelegate.swift in Sources */ = {isa = PBXBuildFile; fileRef = 957EE5642849D1BF00024152 /* AppDelegate.swift */; };
		957EE5672849D1BF00024152 /* SceneDelegate.swift in Sources */ = {isa = PBXBuildFile; fileRef = 957EE5662849D1BF00024152 /* SceneDelegate.swift */; };
		957EE5692849D1BF00024152 /* RedAdditionViewController.swift in Sources */ = {isa = PBXBuildFile; fileRef = 957EE5682849D1BF00024152 /* RedAdditionViewController.swift */; };
		957EE56C2849D1BF00024152 /* Main.storyboard in Resources */ = {isa = PBXBuildFile; fileRef = 957EE56A2849D1BF00024152 /* Main.storyboard */; };
		957EE56E2849D1C100024152 /* Assets.xcassets in Resources */ = {isa = PBXBuildFile; fileRef = 957EE56D2849D1C100024152 /* Assets.xcassets */; };
		957EE5712849D1C100024152 /* LaunchScreen.storyboard in Resources */ = {isa = PBXBuildFile; fileRef = 957EE56F2849D1C100024152 /* LaunchScreen.storyboard */; };
		957EE5792849D43900024152 /* GreenSubtractionViewController.swift in Sources */ = {isa = PBXBuildFile; fileRef = 957EE5782849D43900024152 /* GreenSubtractionViewController.swift */; };
		957EE57B2849DB8100024152 /* .swiftlint.yml in Resources */ = {isa = PBXBuildFile; fileRef = 957EE57A2849DB8100024152 /* .swiftlint.yml */; };
/* End PBXBuildFile section */

/* Begin PBXFileReference section */
		957EE5612849D1BF00024152 /* MikeKondo-Kadai7.app */ = {isa = PBXFileReference; explicitFileType = wrapper.application; includeInIndex = 0; path = "MikeKondo-Kadai7.app"; sourceTree = BUILT_PRODUCTS_DIR; };
		957EE5642849D1BF00024152 /* AppDelegate.swift */ = {isa = PBXFileReference; lastKnownFileType = sourcecode.swift; path = AppDelegate.swift; sourceTree = "<group>"; };
		957EE5662849D1BF00024152 /* SceneDelegate.swift */ = {isa = PBXFileReference; lastKnownFileType = sourcecode.swift; path = SceneDelegate.swift; sourceTree = "<group>"; };
		957EE5682849D1BF00024152 /* RedAdditionViewController.swift */ = {isa = PBXFileReference; lastKnownFileType = sourcecode.swift; path = RedAdditionViewController.swift; sourceTree = "<group>"; };
		957EE56B2849D1BF00024152 /* Base */ = {isa = PBXFileReference; lastKnownFileType = file.storyboard; name = Base; path = Base.lproj/Main.storyboard; sourceTree = "<group>"; };
		957EE56D2849D1C100024152 /* Assets.xcassets */ = {isa = PBXFileReference; lastKnownFileType = folder.assetcatalog; path = Assets.xcassets; sourceTree = "<group>"; };
		957EE5702849D1C100024152 /* Base */ = {isa = PBXFileReference; lastKnownFileType = file.storyboard; name = Base; path = Base.lproj/LaunchScreen.storyboard; sourceTree = "<group>"; };
		957EE5722849D1C100024152 /* Info.plist */ = {isa = PBXFileReference; lastKnownFileType = text.plist.xml; path = Info.plist; sourceTree = "<group>"; };
		957EE5782849D43900024152 /* GreenSubtractionViewController.swift */ = {isa = PBXFileReference; lastKnownFileType = sourcecode.swift; path = GreenSubtractionViewController.swift; sourceTree = "<group>"; };
		957EE57A2849DB8100024152 /* .swiftlint.yml */ = {isa = PBXFileReference; lastKnownFileType = text.yaml; path = .swiftlint.yml; sourceTree = "<group>"; };
/* End PBXFileReference section */

/* Begin PBXFrameworksBuildPhase section */
		957EE55E2849D1BF00024152 /* Frameworks */ = {
			isa = PBXFrameworksBuildPhase;
			buildActionMask = 2147483647;
			files = (
			);
			runOnlyForDeploymentPostprocessing = 0;
		};
/* End PBXFrameworksBuildPhase section */

/* Begin PBXGroup section */
		957EE5582849D1BF00024152 = {
			isa = PBXGroup;
			children = (
				957EE5632849D1BF00024152 /* MikeKondo-Kadai7 */,
				957EE5622849D1BF00024152 /* Products */,
			);
			sourceTree = "<group>";
		};
		957EE5622849D1BF00024152 /* Products */ = {
			isa = PBXGroup;
			children = (
				957EE5612849D1BF00024152 /* MikeKondo-Kadai7.app */,
			);
			name = Products;
			sourceTree = "<group>";
		};
		957EE5632849D1BF00024152 /* MikeKondo-Kadai7 */ = {
			isa = PBXGroup;
			children = (
				957EE5642849D1BF00024152 /* AppDelegate.swift */,
				957EE5662849D1BF00024152 /* SceneDelegate.swift */,
				957EE5682849D1BF00024152 /* RedAdditionViewController.swift */,
				957EE5782849D43900024152 /* GreenSubtractionViewController.swift */,
				957EE56A2849D1BF00024152 /* Main.storyboard */,
				957EE56D2849D1C100024152 /* Assets.xcassets */,
				957EE56F2849D1C100024152 /* LaunchScreen.storyboard */,
				957EE5722849D1C100024152 /* Info.plist */,
				957EE57A2849DB8100024152 /* .swiftlint.yml */,
			);
			path = "MikeKondo-Kadai7";
			sourceTree = "<group>";
		};
/* End PBXGroup section */

/* Begin PBXNativeTarget section */
		957EE5602849D1BF00024152 /* MikeKondo-Kadai7 */ = {
			isa = PBXNativeTarget;
			buildConfigurationList = 957EE5752849D1C100024152 /* Build configuration list for PBXNativeTarget "MikeKondo-Kadai7" */;
			buildPhases = (
				957EE55D2849D1BF00024152 /* Sources */,
				957EE55E2849D1BF00024152 /* Frameworks */,
				957EE55F2849D1BF00024152 /* Resources */,
				957EE57C2849DBB500024152 /* ShellScript */,
			);
			buildRules = (
			);
			dependencies = (
			);
			name = "MikeKondo-Kadai7";
			productName = "MikeKondo-Kadai7";
			productReference = 957EE5612849D1BF00024152 /* MikeKondo-Kadai7.app */;
			productType = "com.apple.product-type.application";
		};
/* End PBXNativeTarget section */

/* Begin PBXProject section */
		957EE5592849D1BF00024152 /* Project object */ = {
			isa = PBXProject;
			attributes = {
				BuildIndependentTargetsInParallel = 1;
				LastSwiftUpdateCheck = 1340;
				LastUpgradeCheck = 1340;
				TargetAttributes = {
					957EE5602849D1BF00024152 = {
						CreatedOnToolsVersion = 13.4;
					};
				};
			};
			buildConfigurationList = 957EE55C2849D1BF00024152 /* Build configuration list for PBXProject "MikeKondo-Kadai7" */;
			compatibilityVersion = "Xcode 13.0";
			developmentRegion = en;
			hasScannedForEncodings = 0;
			knownRegions = (
				en,
				Base,
			);
			mainGroup = 957EE5582849D1BF00024152;
			productRefGroup = 957EE5622849D1BF00024152 /* Products */;
			projectDirPath = "";
			projectRoot = "";
			targets = (
				957EE5602849D1BF00024152 /* MikeKondo-Kadai7 */,
			);
		};
/* End PBXProject section */

/* Begin PBXResourcesBuildPhase section */
		957EE55F2849D1BF00024152 /* Resources */ = {
			isa = PBXResourcesBuildPhase;
			buildActionMask = 2147483647;
			files = (
				957EE57B2849DB8100024152 /* .swiftlint.yml in Resources */,
				957EE5712849D1C100024152 /* LaunchScreen.storyboard in Resources */,
				957EE56E2849D1C100024152 /* Assets.xcassets in Resources */,
				957EE56C2849D1BF00024152 /* Main.storyboard in Resources */,
			);
			runOnlyForDeploymentPostprocessing = 0;
		};
/* End PBXResourcesBuildPhase section */

/* Begin PBXShellScriptBuildPhase section */
		957EE57C2849DBB500024152 /* ShellScript */ = {
			isa = PBXShellScriptBuildPhase;
			buildActionMask = 2147483647;
			files = (
			);
			inputFileListPaths = (
			);
			inputPaths = (
			);
			outputFileListPaths = (
			);
			outputPaths = (
			);
			runOnlyForDeploymentPostprocessing = 0;
			shellPath = /bin/sh;
			shellScript = "# Type a script or drag a script file from your workspace to insert its path.\nif which swiftlint >/dev/null; then\n  swiftlint\nelse\n  echo \"warning: SwiftLint not installed, download from https://github.com/realm/SwiftLint\"\nfi\n";
		};
/* End PBXShellScriptBuildPhase section */

/* Begin PBXSourcesBuildPhase section */
		957EE55D2849D1BF00024152 /* Sources */ = {
			isa = PBXSourcesBuildPhase;
			buildActionMask = 2147483647;
			files = (
				957EE5692849D1BF00024152 /* RedAdditionViewController.swift in Sources */,
				957EE5652849D1BF00024152 /* AppDelegate.swift in Sources */,
				957EE5672849D1BF00024152 /* SceneDelegate.swift in Sources */,
				957EE5792849D43900024152 /* GreenSubtractionViewController.swift in Sources */,
			);
			runOnlyForDeploymentPostprocessing = 0;
		};
/* End PBXSourcesBuildPhase section */

/* Begin PBXVariantGroup section */
		957EE56A2849D1BF00024152 /* Main.storyboard */ = {
			isa = PBXVariantGroup;
			children = (
				957EE56B2849D1BF00024152 /* Base */,
			);
			name = Main.storyboard;
			sourceTree = "<group>";
		};
		957EE56F2849D1C100024152 /* LaunchScreen.storyboard */ = {
			isa = PBXVariantGroup;
			children = (
				957EE5702849D1C100024152 /* Base */,
			);
			name = LaunchScreen.storyboard;
			sourceTree = "<group>";
		};
/* End PBXVariantGroup section */

/* Begin XCBuildConfiguration section */
		957EE5732849D1C100024152 /* Debug */ = {
			isa = XCBuildConfiguration;
			buildSettings = {
				ALWAYS_SEARCH_USER_PATHS = NO;
				CLANG_ANALYZER_NONNULL = YES;
				CLANG_ANALYZER_NUMBER_OBJECT_CONVERSION = YES_AGGRESSIVE;
				CLANG_CXX_LANGUAGE_STANDARD = "gnu++17";
				CLANG_ENABLE_MODULES = YES;
				CLANG_ENABLE_OBJC_ARC = YES;
				CLANG_ENABLE_OBJC_WEAK = YES;
				CLANG_WARN_BLOCK_CAPTURE_AUTORELEASING = YES;
				CLANG_WARN_BOOL_CONVERSION = YES;
				CLANG_WARN_COMMA = YES;
				CLANG_WARN_CONSTANT_CONVERSION = YES;
				CLANG_WARN_DEPRECATED_OBJC_IMPLEMENTATIONS = YES;
				CLANG_WARN_DIRECT_OBJC_ISA_USAGE = YES_ERROR;
				CLANG_WARN_DOCUMENTATION_COMMENTS = YES;
				CLANG_WARN_EMPTY_BODY = YES;
				CLANG_WARN_ENUM_CONVERSION = YES;
				CLANG_WARN_INFINITE_RECURSION = YES;
				CLANG_WARN_INT_CONVERSION = YES;
				CLANG_WARN_NON_LITERAL_NULL_CONVERSION = YES;
				CLANG_WARN_OBJC_IMPLICIT_RETAIN_SELF = YES;
				CLANG_WARN_OBJC_LITERAL_CONVERSION = YES;
				CLANG_WARN_OBJC_ROOT_CLASS = YES_ERROR;
				CLANG_WARN_QUOTED_INCLUDE_IN_FRAMEWORK_HEADER = YES;
				CLANG_WARN_RANGE_LOOP_ANALYSIS = YES;
				CLANG_WARN_STRICT_PROTOTYPES = YES;
				CLANG_WARN_SUSPICIOUS_MOVE = YES;
				CLANG_WARN_UNGUARDED_AVAILABILITY = YES_AGGRESSIVE;
				CLANG_WARN_UNREACHABLE_CODE = YES;
				CLANG_WARN__DUPLICATE_METHOD_MATCH = YES;
				COPY_PHASE_STRIP = NO;
				DEBUG_INFORMATION_FORMAT = dwarf;
				ENABLE_STRICT_OBJC_MSGSEND = YES;
				ENABLE_TESTABILITY = YES;
				GCC_C_LANGUAGE_STANDARD = gnu11;
				GCC_DYNAMIC_NO_PIC = NO;
				GCC_NO_COMMON_BLOCKS = YES;
				GCC_OPTIMIZATION_LEVEL = 0;
				GCC_PREPROCESSOR_DEFINITIONS = (
					"DEBUG=1",
					"$(inherited)",
				);
				GCC_WARN_64_TO_32_BIT_CONVERSION = YES;
				GCC_WARN_ABOUT_RETURN_TYPE = YES_ERROR;
				GCC_WARN_UNDECLARED_SELECTOR = YES;
				GCC_WARN_UNINITIALIZED_AUTOS = YES_AGGRESSIVE;
				GCC_WARN_UNUSED_FUNCTION = YES;
				GCC_WARN_UNUSED_VARIABLE = YES;
				IPHONEOS_DEPLOYMENT_TARGET = 15.5;
				MTL_ENABLE_DEBUG_INFO = INCLUDE_SOURCE;
				MTL_FAST_MATH = YES;
				ONLY_ACTIVE_ARCH = YES;
				SDKROOT = iphoneos;
				SWIFT_ACTIVE_COMPILATION_CONDITIONS = DEBUG;
				SWIFT_OPTIMIZATION_LEVEL = "-Onone";
			};
			name = Debug;
		};
		957EE5742849D1C100024152 /* Release */ = {
			isa = XCBuildConfiguration;
			buildSettings = {
				ALWAYS_SEARCH_USER_PATHS = NO;
				CLANG_ANALYZER_NONNULL = YES;
				CLANG_ANALYZER_NUMBER_OBJECT_CONVERSION = YES_AGGRESSIVE;
				CLANG_CXX_LANGUAGE_STANDARD = "gnu++17";
				CLANG_ENABLE_MODULES = YES;
				CLANG_ENABLE_OBJC_ARC = YES;
				CLANG_ENABLE_OBJC_WEAK = YES;
				CLANG_WARN_BLOCK_CAPTURE_AUTORELEASING = YES;
				CLANG_WARN_BOOL_CONVERSION = YES;
				CLANG_WARN_COMMA = YES;
				CLANG_WARN_CONSTANT_CONVERSION = YES;
				CLANG_WARN_DEPRECATED_OBJC_IMPLEMENTATIONS = YES;
				CLANG_WARN_DIRECT_OBJC_ISA_USAGE = YES_ERROR;
				CLANG_WARN_DOCUMENTATION_COMMENTS = YES;
				CLANG_WARN_EMPTY_BODY = YES;
				CLANG_WARN_ENUM_CONVERSION = YES;
				CLANG_WARN_INFINITE_RECURSION = YES;
				CLANG_WARN_INT_CONVERSION = YES;
				CLANG_WARN_NON_LITERAL_NULL_CONVERSION = YES;
				CLANG_WARN_OBJC_IMPLICIT_RETAIN_SELF = YES;
				CLANG_WARN_OBJC_LITERAL_CONVERSION = YES;
				CLANG_WARN_OBJC_ROOT_CLASS = YES_ERROR;
				CLANG_WARN_QUOTED_INCLUDE_IN_FRAMEWORK_HEADER = YES;
				CLANG_WARN_RANGE_LOOP_ANALYSIS = YES;
				CLANG_WARN_STRICT_PROTOTYPES = YES;
				CLANG_WARN_SUSPICIOUS_MOVE = YES;
				CLANG_WARN_UNGUARDED_AVAILABILITY = YES_AGGRESSIVE;
				CLANG_WARN_UNREACHABLE_CODE = YES;
				CLANG_WARN__DUPLICATE_METHOD_MATCH = YES;
				COPY_PHASE_STRIP = NO;
				DEBUG_INFORMATION_FORMAT = "dwarf-with-dsym";
				ENABLE_NS_ASSERTIONS = NO;
				ENABLE_STRICT_OBJC_MSGSEND = YES;
				GCC_C_LANGUAGE_STANDARD = gnu11;
				GCC_NO_COMMON_BLOCKS = YES;
				GCC_WARN_64_TO_32_BIT_CONVERSION = YES;
				GCC_WARN_ABOUT_RETURN_TYPE = YES_ERROR;
				GCC_WARN_UNDECLARED_SELECTOR = YES;
				GCC_WARN_UNINITIALIZED_AUTOS = YES_AGGRESSIVE;
				GCC_WARN_UNUSED_FUNCTION = YES;
				GCC_WARN_UNUSED_VARIABLE = YES;
				IPHONEOS_DEPLOYMENT_TARGET = 15.5;
				MTL_ENABLE_DEBUG_INFO = NO;
				MTL_FAST_MATH = YES;
				SDKROOT = iphoneos;
				SWIFT_COMPILATION_MODE = wholemodule;
				SWIFT_OPTIMIZATION_LEVEL = "-O";
				VALIDATE_PRODUCT = YES;
			};
			name = Release;
		};
		957EE5762849D1C100024152 /* Debug */ = {
			isa = XCBuildConfiguration;
			buildSettings = {
				ASSETCATALOG_COMPILER_APPICON_NAME = AppIcon;
				ASSETCATALOG_COMPILER_GLOBAL_ACCENT_COLOR_NAME = AccentColor;
				CODE_SIGN_STYLE = Automatic;
				CURRENT_PROJECT_VERSION = 1;
				DEVELOPMENT_TEAM = 7X9S244452;
				GENERATE_INFOPLIST_FILE = YES;
				INFOPLIST_FILE = "MikeKondo-Kadai7/Info.plist";
				INFOPLIST_KEY_UIApplicationSupportsIndirectInputEvents = YES;
				INFOPLIST_KEY_UILaunchStoryboardName = LaunchScreen;
				INFOPLIST_KEY_UIMainStoryboardFile = Main;
				INFOPLIST_KEY_UISupportedInterfaceOrientations_iPad = "UIInterfaceOrientationPortrait UIInterfaceOrientationPortraitUpsideDown UIInterfaceOrientationLandscapeLeft UIInterfaceOrientationLandscapeRight";
				INFOPLIST_KEY_UISupportedInterfaceOrientations_iPhone = "UIInterfaceOrientationPortrait UIInterfaceOrientationLandscapeLeft UIInterfaceOrientationLandscapeRight";
				LD_RUNPATH_SEARCH_PATHS = (
					"$(inherited)",
					"@executable_path/Frameworks",
				);
				MARKETING_VERSION = 1.0;
				PRODUCT_BUNDLE_IDENTIFIER = "com.mkondo.MikeKondo-Kadai7";
				PRODUCT_NAME = "$(TARGET_NAME)";
				SWIFT_EMIT_LOC_STRINGS = YES;
				SWIFT_VERSION = 5.0;
				TARGETED_DEVICE_FAMILY = "1,2";
			};
			name = Debug;
		};
		957EE5772849D1C100024152 /* Release */ = {
			isa = XCBuildConfiguration;
			buildSettings = {
				ASSETCATALOG_COMPILER_APPICON_NAME = AppIcon;
				ASSETCATALOG_COMPILER_GLOBAL_ACCENT_COLOR_NAME = AccentColor;
				CODE_SIGN_STYLE = Automatic;
				CURRENT_PROJECT_VERSION = 1;
				DEVELOPMENT_TEAM = 7X9S244452;
				GENERATE_INFOPLIST_FILE = YES;
				INFOPLIST_FILE = "MikeKondo-Kadai7/Info.plist";
				INFOPLIST_KEY_UIApplicationSupportsIndirectInputEvents = YES;
				INFOPLIST_KEY_UILaunchStoryboardName = LaunchScreen;
				INFOPLIST_KEY_UIMainStoryboardFile = Main;
				INFOPLIST_KEY_UISupportedInterfaceOrientations_iPad = "UIInterfaceOrientationPortrait UIInterfaceOrientationPortraitUpsideDown UIInterfaceOrientationLandscapeLeft UIInterfaceOrientationLandscapeRight";
				INFOPLIST_KEY_UISupportedInterfaceOrientations_iPhone = "UIInterfaceOrientationPortrait UIInterfaceOrientationLandscapeLeft UIInterfaceOrientationLandscapeRight";
				LD_RUNPATH_SEARCH_PATHS = (
					"$(inherited)",
					"@executable_path/Frameworks",
				);
				MARKETING_VERSION = 1.0;
				PRODUCT_BUNDLE_IDENTIFIER = "com.mkondo.MikeKondo-Kadai7";
				PRODUCT_NAME = "$(TARGET_NAME)";
				SWIFT_EMIT_LOC_STRINGS = YES;
				SWIFT_VERSION = 5.0;
				TARGETED_DEVICE_FAMILY = "1,2";
			};
			name = Release;
		};
/* End XCBuildConfiguration section */

/* Begin XCConfigurationList section */
		957EE55C2849D1BF00024152 /* Build configuration list for PBXProject "MikeKondo-Kadai7" */ = {
			isa = XCConfigurationList;
			buildConfigurations = (
				957EE5732849D1C100024152 /* Debug */,
				957EE5742849D1C100024152 /* Release */,
			);
			defaultConfigurationIsVisible = 0;
			defaultConfigurationName = Release;
		};
		957EE5752849D1C100024152 /* Build configuration list for PBXNativeTarget "MikeKondo-Kadai7" */ = {
			isa = XCConfigurationList;
			buildConfigurations = (
				957EE5762849D1C100024152 /* Debug */,
				957EE5772849D1C100024152 /* Release */,
			);
			defaultConfigurationIsVisible = 0;
			defaultConfigurationName = Release;
		};
/* End XCConfigurationList section */
	};
	rootObject = 957EE5592849D1BF00024152 /* Project object */;
}
